
Microsoft Visual Studio Solution File, Format Version 12.00
# Visual Studio Version 17
VisualStudioVersion = 17.3.32929.385
MinimumVisualStudioVersion = 10.0.40219.1
Project("{FAE04EC0-301F-11D3-BF4B-00C04F79EFBC}") = "SFModule17", "SFModule17.csproj", "{F801E25E-CE13-4820-8598-2FC016EB22C2}"
EndProject
Global
	GlobalSection(SolutionConfigurationPlatforms) = preSolution
		Debug|Any CPU = Debug|Any CPU
		Release|Any CPU = Release|Any CPU
	EndGlobalSection
	GlobalSection(ProjectConfigurationPlatforms) = postSolution
		{F801E25E-CE13-4820-8598-2FC016EB22C2}.Debug|Any CPU.ActiveCfg = Debug|Any CPU
		{F801E25E-CE13-4820-8598-2FC016EB22C2}.Debug|Any CPU.Build.0 = Debug|Any CPU
		{F801E25E-CE13-4820-8598-2FC016EB22C2}.Release|Any CPU.ActiveCfg = Release|Any CPU
		{F801E25E-CE13-4820-8598-2FC016EB22C2}.Release|Any CPU.Build.0 = Release|Any CPU
	EndGlobalSection
	GlobalSection(SolutionProperties) = preSolution
		HideSolutionNode = FALSE
	EndGlobalSection
	GlobalSection(ExtensibilityGlobals) = postSolution
		SolutionGuid = {DE502BC9-05B2-49CF-8C7D-910AAC673641}
	EndGlobalSection
EndGlobal
